
Microsoft Visual Studio Solution File, Format Version 12.00
# Visual Studio Version 16
VisualStudioVersion = 16.0.30002.166
MinimumVisualStudioVersion = 10.0.40219.1
Project("{FAE04EC0-301F-11D3-BF4B-00C04F79EFBC}") = "Chuong4_part1_vidu", "Chuong4_part1_vidu.csproj", "{5BA27B4E-664B-4EF8-8CF9-1FC13642BCC1}"
EndProject
Global
	GlobalSection(SolutionConfigurationPlatforms) = preSolution
		Debug|Any CPU = Debug|Any CPU
		Release|Any CPU = Release|Any CPU
	EndGlobalSection
	GlobalSection(ProjectConfigurationPlatforms) = postSolution
		{5BA27B4E-664B-4EF8-8CF9-1FC13642BCC1}.Debug|Any CPU.ActiveCfg = Debug|Any CPU
		{5BA27B4E-664B-4EF8-8CF9-1FC13642BCC1}.Debug|Any CPU.Build.0 = Debug|Any CPU
		{5BA27B4E-664B-4EF8-8CF9-1FC13642BCC1}.Release|Any CPU.ActiveCfg = Release|Any CPU
		{5BA27B4E-664B-4EF8-8CF9-1FC13642BCC1}.Release|Any CPU.Build.0 = Release|Any CPU
	EndGlobalSection
	GlobalSection(SolutionProperties) = preSolution
		HideSolutionNode = FALSE
	EndGlobalSection
	GlobalSection(ExtensibilityGlobals) = postSolution
		SolutionGuid = {E9310036-A02D-4898-B5B1-ED32867D6234}
	EndGlobalSection
EndGlobal
